
Microsoft Visual Studio Solution File, Format Version 12.00
# Visual Studio 15
VisualStudioVersion = 15.0.26228.4
MinimumVisualStudioVersion = 10.0.40219.1
Project("{FAE04EC0-301F-11D3-BF4B-00C04F79EFBC}") = "Academy.Interface.RestApi", "Academy.Interface.RestApi\Academy.Interface.RestApi.csproj", "{398732B5-C55A-42CB-AB65-9516D7087ABB}"
EndProject
Project("{FAE04EC0-301F-11D3-BF4B-00C04F79EFBC}") = "Academy.Domain", "Academy.Domain\Academy.Domain.csproj", "{64EB25C5-A65A-4C7D-8D04-90C119ACE4C1}"
EndProject
Project("{FAE04EC0-301F-11D3-BF4B-00C04F79EFBC}") = "Academy.Persistence.EF", "Academy.Persistence.EF\Academy.Persistence.EF.csproj", "{AC46ADDD-EC6A-44BB-9024-CF51B93B3E7A}"
EndProject
Project("{FAE04EC0-301F-11D3-BF4B-00C04F79EFBC}") = "Academy.Application", "Academy.Application\Academy.Application.csproj", "{F5145C8A-0320-45D1-8E36-6DA0AE57975E}"
EndProject
Project("{FAE04EC0-301F-11D3-BF4B-00C04F79EFBC}") = "Academy.Config", "Academy.Config\Academy.Config.csproj", "{1CECF15E-BC6D-4CEA-AEA2-75824DB24B13}"
EndProject
Global
	GlobalSection(SolutionConfigurationPlatforms) = preSolution
		Debug|Any CPU = Debug|Any CPU
		Release|Any CPU = Release|Any CPU
	EndGlobalSection
	GlobalSection(ProjectConfigurationPlatforms) = postSolution
		{398732B5-C55A-42CB-AB65-9516D7087ABB}.Debug|Any CPU.ActiveCfg = Debug|Any CPU
		{398732B5-C55A-42CB-AB65-9516D7087ABB}.Debug|Any CPU.Build.0 = Debug|Any CPU
		{398732B5-C55A-42CB-AB65-9516D7087ABB}.Release|Any CPU.ActiveCfg = Release|Any CPU
		{398732B5-C55A-42CB-AB65-9516D7087ABB}.Release|Any CPU.Build.0 = Release|Any CPU
		{64EB25C5-A65A-4C7D-8D04-90C119ACE4C1}.Debug|Any CPU.ActiveCfg = Debug|Any CPU
		{64EB25C5-A65A-4C7D-8D04-90C119ACE4C1}.Debug|Any CPU.Build.0 = Debug|Any CPU
		{64EB25C5-A65A-4C7D-8D04-90C119ACE4C1}.Release|Any CPU.ActiveCfg = Release|Any CPU
		{64EB25C5-A65A-4C7D-8D04-90C119ACE4C1}.Release|Any CPU.Build.0 = Release|Any CPU
		{AC46ADDD-EC6A-44BB-9024-CF51B93B3E7A}.Debug|Any CPU.ActiveCfg = Debug|Any CPU
		{AC46ADDD-EC6A-44BB-9024-CF51B93B3E7A}.Debug|Any CPU.Build.0 = Debug|Any CPU
		{AC46ADDD-EC6A-44BB-9024-CF51B93B3E7A}.Release|Any CPU.ActiveCfg = Release|Any CPU
		{AC46ADDD-EC6A-44BB-9024-CF51B93B3E7A}.Release|Any CPU.Build.0 = Release|Any CPU
		{F5145C8A-0320-45D1-8E36-6DA0AE57975E}.Debug|Any CPU.ActiveCfg = Debug|Any CPU
		{F5145C8A-0320-45D1-8E36-6DA0AE57975E}.Debug|Any CPU.Build.0 = Debug|Any CPU
		{F5145C8A-0320-45D1-8E36-6DA0AE57975E}.Release|Any CPU.ActiveCfg = Release|Any CPU
		{F5145C8A-0320-45D1-8E36-6DA0AE57975E}.Release|Any CPU.Build.0 = Release|Any CPU
		{1CECF15E-BC6D-4CEA-AEA2-75824DB24B13}.Debug|Any CPU.ActiveCfg = Debug|Any CPU
		{1CECF15E-BC6D-4CEA-AEA2-75824DB24B13}.Debug|Any CPU.Build.0 = Debug|Any CPU
		{1CECF15E-BC6D-4CEA-AEA2-75824DB24B13}.Release|Any CPU.ActiveCfg = Release|Any CPU
		{1CECF15E-BC6D-4CEA-AEA2-75824DB24B13}.Release|Any CPU.Build.0 = Release|Any CPU
	EndGlobalSection
	GlobalSection(SolutionProperties) = preSolution
		HideSolutionNode = FALSE
	EndGlobalSection
	GlobalSection(ExtensibilityGlobals) = postSolution
		SolutionGuid = {469D0901-C97B-4ED3-A477-6AAB5D203217}
	EndGlobalSection
EndGlobal
